{
  "name": "ten_framework",
  "lockfileVersion": 3,
  "requires": true,
  "packages": {
    "core/src/ten_runtime/binding/nodejs": {
      "name": "ten-runtime-nodejs",
      "version": "0.0.1",
      "extraneous": true,
      "devDependencies": {
        "@types/node": "^18.14.5",
        "source-map-support": "^0.5.21",
        "typescript": "^5.7.2"
      }
    }
  }
}
